
Microsoft Visual Studio Solution File, Format Version 12.00
# Visual Studio Version 16
VisualStudioVersion = 25.0.1706.12
MinimumVisualStudioVersion = 10.0.40219.1
Project("{FAE04EC0-301F-11D3-BF4B-00C04F79EFBC}") = "AppserviceProject", "AppserviceProject.csproj", "{5FA7E1B9-D241-46F8-AAF8-1B782117388B}"
EndProject
Global
	GlobalSection(SolutionConfigurationPlatforms) = preSolution
		Debug|Any CPU = Debug|Any CPU
		Release|Any CPU = Release|Any CPU
	EndGlobalSection
	GlobalSection(ProjectConfigurationPlatforms) = postSolution
		{5FA7E1B9-D241-46F8-AAF8-1B782117388B}.Debug|Any CPU.ActiveCfg = Debug|Any CPU
		{5FA7E1B9-D241-46F8-AAF8-1B782117388B}.Debug|Any CPU.Build.0 = Debug|Any CPU
		{5FA7E1B9-D241-46F8-AAF8-1B782117388B}.Release|Any CPU.ActiveCfg = Release|Any CPU
		{5FA7E1B9-D241-46F8-AAF8-1B782117388B}.Release|Any CPU.Build.0 = Release|Any CPU
	EndGlobalSection
	GlobalSection(SolutionProperties) = preSolution
		HideSolutionNode = FALSE
	EndGlobalSection
	GlobalSection(ExtensibilityGlobals) = postSolution
		SolutionGuid = {2A184AF1-786B-43BF-AF0B-1C4E0A10AF1F}
	EndGlobalSection
EndGlobal
